
Microsoft Visual Studio Solution File, Format Version 12.00
# Visual Studio Version 17
VisualStudioVersion = 17.8.34309.116
MinimumVisualStudioVersion = 10.0.40219.1
Project("{FAE04EC0-301F-11D3-BF4B-00C04F79EFBC}") = "ECommerceMVC", "ECommerceMVC\ECommerceMVC.csproj", "{0EDD3EE7-97C7-40F7-9D5E-73BAADEB2804}"
EndProject
Global
	GlobalSection(SolutionConfigurationPlatforms) = preSolution
		Debug|Any CPU = Debug|Any CPU
		Release|Any CPU = Release|Any CPU
	EndGlobalSection
	GlobalSection(ProjectConfigurationPlatforms) = postSolution
		{0EDD3EE7-97C7-40F7-9D5E-73BAADEB2804}.Debug|Any CPU.ActiveCfg = Debug|Any CPU
		{0EDD3EE7-97C7-40F7-9D5E-73BAADEB2804}.Debug|Any CPU.Build.0 = Debug|Any CPU
		{0EDD3EE7-97C7-40F7-9D5E-73BAADEB2804}.Release|Any CPU.ActiveCfg = Release|Any CPU
		{0EDD3EE7-97C7-40F7-9D5E-73BAADEB2804}.Release|Any CPU.Build.0 = Release|Any CPU
	EndGlobalSection
	GlobalSection(SolutionProperties) = preSolution
		HideSolutionNode = FALSE
	EndGlobalSection
	GlobalSection(ExtensibilityGlobals) = postSolution
		SolutionGuid = {E75F24D5-35C6-44B5-A748-29211FE65BB8}
	EndGlobalSection
EndGlobal
